
Microsoft Visual Studio Solution File, Format Version 12.00
# Visual Studio Version 16
VisualStudioVersion = 16.0.32106.194
MinimumVisualStudioVersion = 10.0.40219.1
Project("{FAE04EC0-301F-11D3-BF4B-00C04F79EFBC}") = "DolzhenkovPR15.Android", "DolzhenkovPR15\DolzhenkovPR15.Android\DolzhenkovPR15.Android.csproj", "{E4829F2E-3B5C-4430-8E11-6C7B29EA082C}"
EndProject
Project("{FAE04EC0-301F-11D3-BF4B-00C04F79EFBC}") = "DolzhenkovPR15.iOS", "DolzhenkovPR15\DolzhenkovPR15.iOS\DolzhenkovPR15.iOS.csproj", "{8F7E5A6F-FA78-4B4B-9A1D-672DDAD3ACA4}"
EndProject
Project("{FAE04EC0-301F-11D3-BF4B-00C04F79EFBC}") = "DolzhenkovPR15", "DolzhenkovPR15\DolzhenkovPR15\DolzhenkovPR15.csproj", "{A58CB49F-4DCC-4287-A50A-2B0A9A938B90}"
EndProject
Global
	GlobalSection(SolutionConfigurationPlatforms) = preSolution
		Debug|Any CPU = Debug|Any CPU
		Debug|iPhone = Debug|iPhone
		Debug|iPhoneSimulator = Debug|iPhoneSimulator
		Release|Any CPU = Release|Any CPU
		Release|iPhone = Release|iPhone
		Release|iPhoneSimulator = Release|iPhoneSimulator
	EndGlobalSection
	GlobalSection(ProjectConfigurationPlatforms) = postSolution
		{E4829F2E-3B5C-4430-8E11-6C7B29EA082C}.Debug|Any CPU.ActiveCfg = Debug|Any CPU
		{E4829F2E-3B5C-4430-8E11-6C7B29EA082C}.Debug|Any CPU.Build.0 = Debug|Any CPU
		{E4829F2E-3B5C-4430-8E11-6C7B29EA082C}.Debug|Any CPU.Deploy.0 = Debug|Any CPU
		{E4829F2E-3B5C-4430-8E11-6C7B29EA082C}.Debug|iPhone.ActiveCfg = Debug|Any CPU
		{E4829F2E-3B5C-4430-8E11-6C7B29EA082C}.Debug|iPhone.Build.0 = Debug|Any CPU
		{E4829F2E-3B5C-4430-8E11-6C7B29EA082C}.Debug|iPhone.Deploy.0 = Debug|Any CPU
		{E4829F2E-3B5C-4430-8E11-6C7B29EA082C}.Debug|iPhoneSimulator.ActiveCfg = Debug|Any CPU
		{E4829F2E-3B5C-4430-8E11-6C7B29EA082C}.Debug|iPhoneSimulator.Build.0 = Debug|Any CPU
		{E4829F2E-3B5C-4430-8E11-6C7B29EA082C}.Debug|iPhoneSimulator.Deploy.0 = Debug|Any CPU
		{E4829F2E-3B5C-4430-8E11-6C7B29EA082C}.Release|Any CPU.ActiveCfg = Release|Any CPU
		{E4829F2E-3B5C-4430-8E11-6C7B29EA082C}.Release|Any CPU.Build.0 = Release|Any CPU
		{E4829F2E-3B5C-4430-8E11-6C7B29EA082C}.Release|Any CPU.Deploy.0 = Release|Any CPU
		{E4829F2E-3B5C-4430-8E11-6C7B29EA082C}.Release|iPhone.ActiveCfg = Release|Any CPU
		{E4829F2E-3B5C-4430-8E11-6C7B29EA082C}.Release|iPhone.Build.0 = Release|Any CPU
		{E4829F2E-3B5C-4430-8E11-6C7B29EA082C}.Release|iPhone.Deploy.0 = Release|Any CPU
		{E4829F2E-3B5C-4430-8E11-6C7B29EA082C}.Release|iPhoneSimulator.ActiveCfg = Release|Any CPU
		{E4829F2E-3B5C-4430-8E11-6C7B29EA082C}.Release|iPhoneSimulator.Build.0 = Release|Any CPU
		{E4829F2E-3B5C-4430-8E11-6C7B29EA082C}.Release|iPhoneSimulator.Deploy.0 = Release|Any CPU
		{8F7E5A6F-FA78-4B4B-9A1D-672DDAD3ACA4}.Debug|Any CPU.ActiveCfg = Debug|iPhone
		{8F7E5A6F-FA78-4B4B-9A1D-672DDAD3ACA4}.Debug|Any CPU.Build.0 = Debug|iPhone
		{8F7E5A6F-FA78-4B4B-9A1D-672DDAD3ACA4}.Debug|Any CPU.Deploy.0 = Debug|iPhone
		{8F7E5A6F-FA78-4B4B-9A1D-672DDAD3ACA4}.Debug|iPhone.ActiveCfg = Debug|iPhone
		{8F7E5A6F-FA78-4B4B-9A1D-672DDAD3ACA4}.Debug|iPhone.Build.0 = Debug|iPhone
		{8F7E5A6F-FA78-4B4B-9A1D-672DDAD3ACA4}.Debug|iPhone.Deploy.0 = Debug|iPhone
		{8F7E5A6F-FA78-4B4B-9A1D-672DDAD3ACA4}.Debug|iPhoneSimulator.ActiveCfg = Debug|iPhoneSimulator
		{8F7E5A6F-FA78-4B4B-9A1D-672DDAD3ACA4}.Debug|iPhoneSimulator.Build.0 = Debug|iPhoneSimulator
		{8F7E5A6F-FA78-4B4B-9A1D-672DDAD3ACA4}.Debug|iPhoneSimulator.Deploy.0 = Debug|iPhoneSimulator
		{8F7E5A6F-FA78-4B4B-9A1D-672DDAD3ACA4}.Release|Any CPU.ActiveCfg = Release|iPhoneSimulator
		{8F7E5A6F-FA78-4B4B-9A1D-672DDAD3ACA4}.Release|Any CPU.Build.0 = Release|iPhoneSimulator
		{8F7E5A6F-FA78-4B4B-9A1D-672DDAD3ACA4}.Release|Any CPU.Deploy.0 = Release|iPhoneSimulator
		{8F7E5A6F-FA78-4B4B-9A1D-672DDAD3ACA4}.Release|iPhone.ActiveCfg = Release|iPhone
		{8F7E5A6F-FA78-4B4B-9A1D-672DDAD3ACA4}.Release|iPhone.Build.0 = Release|iPhone
		{8F7E5A6F-FA78-4B4B-9A1D-672DDAD3ACA4}.Release|iPhone.Deploy.0 = Release|iPhone
		{8F7E5A6F-FA78-4B4B-9A1D-672DDAD3ACA4}.Release|iPhoneSimulator.ActiveCfg = Release|iPhoneSimulator
		{8F7E5A6F-FA78-4B4B-9A1D-672DDAD3ACA4}.Release|iPhoneSimulator.Build.0 = Release|iPhoneSimulator
		{8F7E5A6F-FA78-4B4B-9A1D-672DDAD3ACA4}.Release|iPhoneSimulator.Deploy.0 = Release|iPhoneSimulator
		{A58CB49F-4DCC-4287-A50A-2B0A9A938B90}.Debug|Any CPU.ActiveCfg = Debug|Any CPU
		{A58CB49F-4DCC-4287-A50A-2B0A9A938B90}.Debug|Any CPU.Build.0 = Debug|Any CPU
		{A58CB49F-4DCC-4287-A50A-2B0A9A938B90}.Debug|Any CPU.Deploy.0 = Debug|Any CPU
		{A58CB49F-4DCC-4287-A50A-2B0A9A938B90}.Debug|iPhone.ActiveCfg = Debug|Any CPU
		{A58CB49F-4DCC-4287-A50A-2B0A9A938B90}.Debug|iPhone.Build.0 = Debug|Any CPU
		{A58CB49F-4DCC-4287-A50A-2B0A9A938B90}.Debug|iPhone.Deploy.0 = Debug|Any CPU
		{A58CB49F-4DCC-4287-A50A-2B0A9A938B90}.Debug|iPhoneSimulator.ActiveCfg = Debug|Any CPU
		{A58CB49F-4DCC-4287-A50A-2B0A9A938B90}.Debug|iPhoneSimulator.Build.0 = Debug|Any CPU
		{A58CB49F-4DCC-4287-A50A-2B0A9A938B90}.Debug|iPhoneSimulator.Deploy.0 = Debug|Any CPU
		{A58CB49F-4DCC-4287-A50A-2B0A9A938B90}.Release|Any CPU.ActiveCfg = Release|Any CPU
		{A58CB49F-4DCC-4287-A50A-2B0A9A938B90}.Release|Any CPU.Build.0 = Release|Any CPU
		{A58CB49F-4DCC-4287-A50A-2B0A9A938B90}.Release|Any CPU.Deploy.0 = Release|Any CPU
		{A58CB49F-4DCC-4287-A50A-2B0A9A938B90}.Release|iPhone.ActiveCfg = Release|Any CPU
		{A58CB49F-4DCC-4287-A50A-2B0A9A938B90}.Release|iPhone.Build.0 = Release|Any CPU
		{A58CB49F-4DCC-4287-A50A-2B0A9A938B90}.Release|iPhone.Deploy.0 = Release|Any CPU
		{A58CB49F-4DCC-4287-A50A-2B0A9A938B90}.Release|iPhoneSimulator.ActiveCfg = Release|Any CPU
		{A58CB49F-4DCC-4287-A50A-2B0A9A938B90}.Release|iPhoneSimulator.Build.0 = Release|Any CPU
		{A58CB49F-4DCC-4287-A50A-2B0A9A938B90}.Release|iPhoneSimulator.Deploy.0 = Release|Any CPU
	EndGlobalSection
	GlobalSection(SolutionProperties) = preSolution
		HideSolutionNode = FALSE
	EndGlobalSection
	GlobalSection(ExtensibilityGlobals) = postSolution
		SolutionGuid = {22186920-DE60-46F5-B560-8F0B8934E853}
	EndGlobalSection
EndGlobal
